
Microsoft Visual Studio Solution File, Format Version 12.00
# Visual Studio Version 17
VisualStudioVersion = 17.9.34714.143
MinimumVisualStudioVersion = 10.0.40219.1
Project("{FAE04EC0-301F-11D3-BF4B-00C04F79EFBC}") = "DXApplication2.Module", "DXApplication2.Module\DXApplication2.Module.csproj", "{FD92AE8B-07E0-450F-973B-D586CD151C90}"
EndProject
Project("{FAE04EC0-301F-11D3-BF4B-00C04F79EFBC}") = "DXApplication2.Module.Web", "DXApplication2.Module.Web\DXApplication2.Module.Web.csproj", "{43001EE8-50C0-456E-8E5A-7C9D5394DD17}"
EndProject
Project("{FAE04EC0-301F-11D3-BF4B-00C04F79EFBC}") = "DXApplication2.Web", "DXApplication2.Web\DXApplication2.Web.csproj", "{E0415797-97F3-423C-B6F1-20FAE220E8BF}"
EndProject
Project("{FAE04EC0-301F-11D3-BF4B-00C04F79EFBC}") = "DXApplication2.Module.Win", "DXApplication2.Module.Win\DXApplication2.Module.Win.csproj", "{17FEF6B0-FC93-4806-A8AE-57CFF22978CF}"
EndProject
Project("{FAE04EC0-301F-11D3-BF4B-00C04F79EFBC}") = "DXApplication2.Win", "DXApplication2.Win\DXApplication2.Win.csproj", "{3C468203-27D6-4A6E-BDBA-1EB737564CDA}"
EndProject
Global
	GlobalSection(SolutionConfigurationPlatforms) = preSolution
		Debug|Any CPU = Debug|Any CPU
		EasyTest|Any CPU = EasyTest|Any CPU
		Release|Any CPU = Release|Any CPU
	EndGlobalSection
	GlobalSection(ProjectConfigurationPlatforms) = postSolution
		{FD92AE8B-07E0-450F-973B-D586CD151C90}.Debug|Any CPU.ActiveCfg = Debug|Any CPU
		{FD92AE8B-07E0-450F-973B-D586CD151C90}.Debug|Any CPU.Build.0 = Debug|Any CPU
		{FD92AE8B-07E0-450F-973B-D586CD151C90}.EasyTest|Any CPU.ActiveCfg = EasyTest|Any CPU
		{FD92AE8B-07E0-450F-973B-D586CD151C90}.EasyTest|Any CPU.Build.0 = EasyTest|Any CPU
		{FD92AE8B-07E0-450F-973B-D586CD151C90}.Release|Any CPU.ActiveCfg = Release|Any CPU
		{FD92AE8B-07E0-450F-973B-D586CD151C90}.Release|Any CPU.Build.0 = Release|Any CPU
		{43001EE8-50C0-456E-8E5A-7C9D5394DD17}.Debug|Any CPU.ActiveCfg = Debug|Any CPU
		{43001EE8-50C0-456E-8E5A-7C9D5394DD17}.Debug|Any CPU.Build.0 = Debug|Any CPU
		{43001EE8-50C0-456E-8E5A-7C9D5394DD17}.EasyTest|Any CPU.ActiveCfg = EasyTest|Any CPU
		{43001EE8-50C0-456E-8E5A-7C9D5394DD17}.EasyTest|Any CPU.Build.0 = EasyTest|Any CPU
		{43001EE8-50C0-456E-8E5A-7C9D5394DD17}.Release|Any CPU.ActiveCfg = Release|Any CPU
		{43001EE8-50C0-456E-8E5A-7C9D5394DD17}.Release|Any CPU.Build.0 = Release|Any CPU
		{E0415797-97F3-423C-B6F1-20FAE220E8BF}.Debug|Any CPU.ActiveCfg = Debug|Any CPU
		{E0415797-97F3-423C-B6F1-20FAE220E8BF}.Debug|Any CPU.Build.0 = Debug|Any CPU
		{E0415797-97F3-423C-B6F1-20FAE220E8BF}.EasyTest|Any CPU.ActiveCfg = EasyTest|Any CPU
		{E0415797-97F3-423C-B6F1-20FAE220E8BF}.EasyTest|Any CPU.Build.0 = EasyTest|Any CPU
		{E0415797-97F3-423C-B6F1-20FAE220E8BF}.Release|Any CPU.ActiveCfg = Release|Any CPU
		{E0415797-97F3-423C-B6F1-20FAE220E8BF}.Release|Any CPU.Build.0 = Release|Any CPU
		{17FEF6B0-FC93-4806-A8AE-57CFF22978CF}.Debug|Any CPU.ActiveCfg = Debug|Any CPU
		{17FEF6B0-FC93-4806-A8AE-57CFF22978CF}.Debug|Any CPU.Build.0 = Debug|Any CPU
		{17FEF6B0-FC93-4806-A8AE-57CFF22978CF}.EasyTest|Any CPU.ActiveCfg = EasyTest|Any CPU
		{17FEF6B0-FC93-4806-A8AE-57CFF22978CF}.EasyTest|Any CPU.Build.0 = EasyTest|Any CPU
		{17FEF6B0-FC93-4806-A8AE-57CFF22978CF}.Release|Any CPU.ActiveCfg = Release|Any CPU
		{17FEF6B0-FC93-4806-A8AE-57CFF22978CF}.Release|Any CPU.Build.0 = Release|Any CPU
		{3C468203-27D6-4A6E-BDBA-1EB737564CDA}.Debug|Any CPU.ActiveCfg = Debug|Any CPU
		{3C468203-27D6-4A6E-BDBA-1EB737564CDA}.Debug|Any CPU.Build.0 = Debug|Any CPU
		{3C468203-27D6-4A6E-BDBA-1EB737564CDA}.EasyTest|Any CPU.ActiveCfg = EasyTest|Any CPU
		{3C468203-27D6-4A6E-BDBA-1EB737564CDA}.EasyTest|Any CPU.Build.0 = EasyTest|Any CPU
		{3C468203-27D6-4A6E-BDBA-1EB737564CDA}.Release|Any CPU.ActiveCfg = Release|Any CPU
		{3C468203-27D6-4A6E-BDBA-1EB737564CDA}.Release|Any CPU.Build.0 = Release|Any CPU
	EndGlobalSection
	GlobalSection(SolutionProperties) = preSolution
		HideSolutionNode = FALSE
	EndGlobalSection
EndGlobal
